
Microsoft Visual Studio Solution File, Format Version 12.00
# Visual Studio Version 16
VisualStudioVersion = 16.0.31911.196
MinimumVisualStudioVersion = 10.0.40219.1
Project("{FAE04EC0-301F-11D3-BF4B-00C04F79EFBC}") = "MoneyReckoner", "MoneyReckoner\MoneyReckoner.csproj", "{2F8FA58D-6F1E-4718-A6F9-C84ABADE9FCF}"
EndProject
Global
	GlobalSection(SolutionConfigurationPlatforms) = preSolution
		Debug|Any CPU = Debug|Any CPU
		Release|Any CPU = Release|Any CPU
	EndGlobalSection
	GlobalSection(ProjectConfigurationPlatforms) = postSolution
		{2F8FA58D-6F1E-4718-A6F9-C84ABADE9FCF}.Debug|Any CPU.ActiveCfg = Debug|Any CPU
		{2F8FA58D-6F1E-4718-A6F9-C84ABADE9FCF}.Debug|Any CPU.Build.0 = Debug|Any CPU
		{2F8FA58D-6F1E-4718-A6F9-C84ABADE9FCF}.Release|Any CPU.ActiveCfg = Release|Any CPU
		{2F8FA58D-6F1E-4718-A6F9-C84ABADE9FCF}.Release|Any CPU.Build.0 = Release|Any CPU
	EndGlobalSection
	GlobalSection(SolutionProperties) = preSolution
		HideSolutionNode = FALSE
	EndGlobalSection
	GlobalSection(ExtensibilityGlobals) = postSolution
		SolutionGuid = {7083812F-2D19-4F17-9122-BBAF4F4EB000}
	EndGlobalSection
EndGlobal
